<?xml version="1.0" encoding="utf-8"?>
<Project ToolsVersion="4.0" xmlns="http://schemas.microsoft.com/developer/msbuild/2003">
  <ItemGroup>
    <ClInclude Include="lodepng.h" />
    <ClInclude Include="libCrypter.h" />
    <ClInclude Include="libCrypter_global.h" />
    <ClInclude Include="StdAfx.h" />
  </ItemGroup>
  <ItemGroup>
    <ClCompile Include="libCrypter.c" />
    <ClCompile Include="libCrypter_global.c" />
    <ClCompile Include="lodepng.c" />
    <ClCompile Include="StdAfx.c" />
  </ItemGroup>
</Project>