<?xml version="1.0" encoding="utf-8"?>
<Project ToolsVersion="4.0" xmlns="http://schemas.microsoft.com/developer/msbuild/2003">
  <ItemGroup>
    <Filter Include="Source Files">
      <UniqueIdentifier>{38c4c651-35b7-43f3-a726-b891db174501}</UniqueIdentifier>
    </Filter>
    <Filter Include="Types">
      <UniqueIdentifier>{f6cc1c92-e8d0-49eb-87cd-0fcc0b476ee1}</UniqueIdentifier>
    </Filter>
    <Filter Include="Types\Reply">
      <UniqueIdentifier>{42b285d5-58f8-41a3-9fa7-898f454dbb20}</UniqueIdentifier>
    </Filter>
  </ItemGroup>
  <ItemGroup>
    <ClCompile Include="main.cpp">
      <Filter>Source Files</Filter>
    </ClCompile>
    <ClCompile Include="StdAfx.cpp">
      <Filter>Source Files</Filter>
    </ClCompile>
    <ClCompile Include="BCConverter.cpp">
      <Filter>Source Files</Filter>
    </ClCompile>
    <ClCompile Include="BCBot.cpp">
      <Filter>Source Files</Filter>
    </ClCompile>
    <ClCompile Include="types\BCTypeMessage.cpp">
      <Filter>Types</Filter>
    </ClCompile>
    <ClCompile Include="types\BCTypeLocation.cpp">
      <Filter>Types</Filter>
    </ClCompile>
    <ClCompile Include="types\BCTypeDocument.cpp">
      <Filter>Types</Filter>
    </ClCompile>
    <ClCompile Include="types\BCTypePhotoSize.cpp">
      <Filter>Types</Filter>
    </ClCompile>
    <ClCompile Include="types\BCTypeSticker.cpp">
      <Filter>Types</Filter>
    </ClCompile>
    <ClCompile Include="types\BCTypeUpdate.cpp">
      <Filter>Types</Filter>
    </ClCompile>
    <ClCompile Include="types\BCTypeUser.cpp">
      <Filter>Types</Filter>
    </ClCompile>
    <ClCompile Include="types\BCTypeVideo.cpp">
      <Filter>Types</Filter>
    </ClCompile>
    <ClCompile Include="types\BCTypeVoice.cpp">
      <Filter>Types</Filter>
    </ClCompile>
    <ClCompile Include="types\BCTypeChat.cpp">
      <Filter>Types</Filter>
    </ClCompile>
    <ClCompile Include="types\BCTypeAudio.cpp">
      <Filter>Types</Filter>
    </ClCompile>
    <ClCompile Include="types\BCTypeCallbackQuery.cpp">
      <Filter>Types</Filter>
    </ClCompile>
    <ClCompile Include="types\BCTypeContact.cpp">
      <Filter>Types</Filter>
    </ClCompile>
    <ClCompile Include="types\BCTypeFile.cpp">
      <Filter>Types</Filter>
    </ClCompile>
    <ClCompile Include="Types\Reply\BCGenericReply.cpp">
      <Filter>Types\Reply</Filter>
    </ClCompile>
    <ClCompile Include="Types\Reply\BCForceReply.cpp">
      <Filter>Types\Reply</Filter>
    </ClCompile>
    <ClCompile Include="Types\Reply\BCReplyKeyboardHide.cpp">
      <Filter>Types\Reply</Filter>
    </ClCompile>
    <ClCompile Include="Types\Reply\BCReplyKeyboardMarkup.cpp">
      <Filter>Types\Reply</Filter>
    </ClCompile>
    <ClCompile Include="Types\Reply\BCReplyKeyboardRemove.cpp">
      <Filter>Types\Reply</Filter>
    </ClCompile>
    <ClCompile Include="Types\Reply\BCInlineKeyboardMarkup.cpp">
      <Filter>Types\Reply</Filter>
    </ClCompile>
    <ClCompile Include="QTelegramBot.cpp">
      <Filter>Source Files</Filter>
    </ClCompile>
    <ClCompile Include="QTelegramNetwork.cpp">
      <Filter>Source Files</Filter>
    </ClCompile>
  </ItemGroup>
  <ItemGroup>
    <QtMoc Include="BCBot.h">
      <Filter>Source Files</Filter>
    </QtMoc>
    <QtMoc Include="QTelegramBot.h">
      <Filter>Source Files</Filter>
    </QtMoc>
    <QtMoc Include="QTelegramNetwork.h">
      <Filter>Source Files</Filter>
    </QtMoc>
  </ItemGroup>
  <ItemGroup>
    <ClInclude Include="StdAfx.h">
      <Filter>Source Files</Filter>
    </ClInclude>
    <ClInclude Include="BCConverter.h">
      <Filter>Source Files</Filter>
    </ClInclude>
    <ClInclude Include="types\BCTypeMessage.h">
      <Filter>Types</Filter>
    </ClInclude>
    <ClInclude Include="types\BCTypeLocation.h">
      <Filter>Types</Filter>
    </ClInclude>
    <ClInclude Include="types\BCTypeDocument.h">
      <Filter>Types</Filter>
    </ClInclude>
    <ClInclude Include="types\BCTypePhotoSize.h">
      <Filter>Types</Filter>
    </ClInclude>
    <ClInclude Include="types\BCTypeSticker.h">
      <Filter>Types</Filter>
    </ClInclude>
    <ClInclude Include="types\BCTypeUpdate.h">
      <Filter>Types</Filter>
    </ClInclude>
    <ClInclude Include="types\BCTypeUser.h">
      <Filter>Types</Filter>
    </ClInclude>
    <ClInclude Include="types\BCTypeVideo.h">
      <Filter>Types</Filter>
    </ClInclude>
    <ClInclude Include="types\BCTypeVoice.h">
      <Filter>Types</Filter>
    </ClInclude>
    <ClInclude Include="types\BCTypeChat.h">
      <Filter>Types</Filter>
    </ClInclude>
    <ClInclude Include="types\BCTypeAudio.h">
      <Filter>Types</Filter>
    </ClInclude>
    <ClInclude Include="types\BCTypeCallbackQuery.h">
      <Filter>Types</Filter>
    </ClInclude>
    <ClInclude Include="types\BCTypeContact.h">
      <Filter>Types</Filter>
    </ClInclude>
    <ClInclude Include="types\BCTypeFile.h">
      <Filter>Types</Filter>
    </ClInclude>
    <ClInclude Include="types\reply\BCGenericReply.h">
      <Filter>Types\Reply</Filter>
    </ClInclude>
    <ClInclude Include="types\reply\BCForceReply.h">
      <Filter>Types\Reply</Filter>
    </ClInclude>
    <ClInclude Include="types\reply\BCReplyKeyboardHide.h">
      <Filter>Types\Reply</Filter>
    </ClInclude>
    <ClInclude Include="types\reply\BCReplyKeyboardMarkup.h">
      <Filter>Types\Reply</Filter>
    </ClInclude>
    <ClInclude Include="types\reply\BCReplyKeyboardRemove.h">
      <Filter>Types\Reply</Filter>
    </ClInclude>
    <ClInclude Include="types\reply\BCInlineKeyboardMarkup.h">
      <Filter>Types\Reply</Filter>
    </ClInclude>
  </ItemGroup>
</Project>