<?xml version="1.0" encoding="utf-8"?>
<Project ToolsVersion="4.0" xmlns="http://schemas.microsoft.com/developer/msbuild/2003">
  <ItemGroup>
    <Filter Include="Resource Files">
      <UniqueIdentifier>{D9D6E242-F8AF-46E4-B9FD-80ECBC20BA3E}</UniqueIdentifier>
      <Extensions>qrc;*</Extensions>
      <ParseFiles>false</ParseFiles>
    </Filter>
    <Filter Include="Resource Files">
      <UniqueIdentifier>{D9D6E242-F8AF-46E4-B9FD-80ECBC20BA3E}</UniqueIdentifier>
      <Extensions>qrc;*</Extensions>
      <ParseFiles>false</ParseFiles>
    </Filter>
    <Filter Include="Forms">
      <UniqueIdentifier>{c1262ce1-ce52-4353-bf21-a56421ea3542}</UniqueIdentifier>
    </Filter>
    <Filter Include="Widgets">
      <UniqueIdentifier>{00818284-faba-4258-b457-6c95fca73142}</UniqueIdentifier>
    </Filter>
    <Filter Include="System">
      <UniqueIdentifier>{4FC737F1-C7A5-4376-A066-2A32D752A2FF}</UniqueIdentifier>
      <Extensions>cpp;c;cc;cxx;def;odl;idl;hpj;bat;asm;asmx</Extensions>
    </Filter>
  </ItemGroup>
  <ItemGroup>
    <ClCompile Include="main.cpp">
      <Filter>System</Filter>
    </ClCompile>
    <ClCompile Include="StdAfx.cpp">
      <Filter>System</Filter>
    </ClCompile>
    <ClCompile Include="GCThread.cpp">
      <Filter>System</Filter>
    </ClCompile>
    <ClCompile Include="GCMainWindow.cpp">
      <Filter>Forms</Filter>
    </ClCompile>
    <ClCompile Include="GCPanelImage.cpp">
      <Filter>Widgets</Filter>
    </ClCompile>
    <ClCompile Include="GCWidgetBase.cpp">
      <Filter>Widgets</Filter>
    </ClCompile>
    <ClCompile Include="GCWidgetCrypt.cpp">
      <Filter>Widgets</Filter>
    </ClCompile>
    <ClCompile Include="GCWidgetDecrypt.cpp">
      <Filter>Widgets</Filter>
    </ClCompile>
  </ItemGroup>
  <ItemGroup>
    <QtRcc Include="Resources.qrc">
      <Filter>Resource Files</Filter>
    </QtRcc>
  </ItemGroup>
  <ItemGroup>
    <QtMoc Include="GCThread.h">
      <Filter>System</Filter>
    </QtMoc>
    <QtMoc Include="GCMainWindow.h">
      <Filter>Forms</Filter>
    </QtMoc>
    <QtMoc Include="GCPanelImage.h">
      <Filter>Widgets</Filter>
    </QtMoc>
    <QtMoc Include="GCWidgetBase.h">
      <Filter>Widgets</Filter>
    </QtMoc>
    <QtMoc Include="GCWidgetCrypt.h">
      <Filter>Widgets</Filter>
    </QtMoc>
    <QtMoc Include="GCWidgetDecrypt.h">
      <Filter>Widgets</Filter>
    </QtMoc>
  </ItemGroup>
  <ItemGroup>
    <ClInclude Include="StdAfx.h">
      <Filter>System</Filter>
    </ClInclude>
  </ItemGroup>
  <ItemGroup>
    <ResourceCompile Include="guiCrypter.rc">
      <Filter>Resource Files</Filter>
    </ResourceCompile>
  </ItemGroup>
</Project>